
Microsoft Visual Studio Solution File, Format Version 12.00
# Visual Studio Version 16
VisualStudioVersion = 16.0.29709.97
MinimumVisualStudioVersion = 10.0.40219.1
Project("{9A19103F-16F7-4668-BE54-9A1E7A4F7556}") = "PhoneBookManagement.Library", "PhoneBookManagement.Library\PhoneBookManagement.Library.csproj", "{508B8E62-4876-4C61-97FE-8C5DC92293A0}"
EndProject
Project("{FAE04EC0-301F-11D3-BF4B-00C04F79EFBC}") = "PhoneBookManagement.JsonPersistence", "PhoneBookManagement.JsonPersistence\PhoneBookManagement.JsonPersistence.csproj", "{F95E6D26-7FC3-45CA-93E7-54B600D02C69}"
EndProject
Project("{FAE04EC0-301F-11D3-BF4B-00C04F79EFBC}") = "PhoneBookManager.Test", "PhoneBookManager.Test\PhoneBookManager.Test.csproj", "{E0BE0289-7481-4007-BA25-FE217CF2C81B}"
EndProject
Global
	GlobalSection(SolutionConfigurationPlatforms) = preSolution
		Debug|Any CPU = Debug|Any CPU
		Release|Any CPU = Release|Any CPU
	EndGlobalSection
	GlobalSection(ProjectConfigurationPlatforms) = postSolution
		{508B8E62-4876-4C61-97FE-8C5DC92293A0}.Debug|Any CPU.ActiveCfg = Debug|Any CPU
		{508B8E62-4876-4C61-97FE-8C5DC92293A0}.Debug|Any CPU.Build.0 = Debug|Any CPU
		{508B8E62-4876-4C61-97FE-8C5DC92293A0}.Release|Any CPU.ActiveCfg = Release|Any CPU
		{508B8E62-4876-4C61-97FE-8C5DC92293A0}.Release|Any CPU.Build.0 = Release|Any CPU
		{F95E6D26-7FC3-45CA-93E7-54B600D02C69}.Debug|Any CPU.ActiveCfg = Debug|Any CPU
		{F95E6D26-7FC3-45CA-93E7-54B600D02C69}.Debug|Any CPU.Build.0 = Debug|Any CPU
		{F95E6D26-7FC3-45CA-93E7-54B600D02C69}.Release|Any CPU.ActiveCfg = Release|Any CPU
		{F95E6D26-7FC3-45CA-93E7-54B600D02C69}.Release|Any CPU.Build.0 = Release|Any CPU
		{E0BE0289-7481-4007-BA25-FE217CF2C81B}.Debug|Any CPU.ActiveCfg = Debug|Any CPU
		{E0BE0289-7481-4007-BA25-FE217CF2C81B}.Debug|Any CPU.Build.0 = Debug|Any CPU
		{E0BE0289-7481-4007-BA25-FE217CF2C81B}.Release|Any CPU.ActiveCfg = Release|Any CPU
		{E0BE0289-7481-4007-BA25-FE217CF2C81B}.Release|Any CPU.Build.0 = Release|Any CPU
	EndGlobalSection
	GlobalSection(SolutionProperties) = preSolution
		HideSolutionNode = FALSE
	EndGlobalSection
	GlobalSection(ExtensibilityGlobals) = postSolution
		SolutionGuid = {AD168FD3-CD4F-4749-B9FD-DFA269B36253}
	EndGlobalSection
EndGlobal
